# THIS IS AN AUTOGENERATED FILE. DO NOT EDIT THIS FILE DIRECTLY.
# yarn lockfile v1


"@types/estree@0.0.39":
  version "0.0.39"
  resolved "https://registry.yarnpkg.com/@types/estree/-/estree-0.0.39.tgz#e177e699ee1b8c22d23174caaa7422644389509f"
  integrity sha512-EYNwp3bU+98cpU4lAWYYL7Zz+2gryWH1qbdDTidVd6hkiR6weksdbMadyXKXNPEkQFhXM+hVO9ZygomHXp+AIw==

"@types/node@^11.13.4":
  version "11.13.4"
  resolved "https://registry.yarnpkg.com/@types/node/-/node-11.13.4.tgz#f83ec3c3e05b174b7241fadeb6688267fe5b22ca"
  integrity sha512-+rabAZZ3Yn7tF/XPGHupKIL5EcAbrLxnTr/hgQICxbeuAfWtT0UZSfULE+ndusckBItcv4o6ZeOJplQikVcLvQ==

acorn@^6.1.1:
  version "6.4.1"
  resolved "https://registry.yarnpkg.com/acorn/-/acorn-6.4.1.tgz#531e58ba3f51b9dacb9a6646ca4debf5b14ca474"
  integrity sha512-ZVA9k326Nwrj3Cj9jlh3wGFutC2ZornPNARZwsNYqQYgN0EsV2d53w5RN/co65Ohn4sUAUtb1rSUAOD6XN9idA==

rollup@^1.10.0:
  version "1.10.0"
  resolved "https://registry.yarnpkg.com/rollup/-/rollup-1.10.0.tgz#91d594aa4386c51ca0883ad4ef2050b469d3e8aa"
  integrity sha512-U9t/JaKtO0+X0pSmLVKMrAZEixrbVzITf193TiEhfoVKCnd7pDimIFo94IxUCgbn6+v5VmduHkubx2VV1s0Ftw==
  dependencies:
    "@types/estree" "0.0.39"
    "@types/node" "^11.13.4"
    acorn "^6.1.1"

typescript@^3.4.5:
  version "3.4.5"
  resolved "https://registry.yarnpkg.com/typescript/-/typescript-3.4.5.tgz#2d2618d10bb566572b8d7aad5180d84257d70a99"
  integrity sha512-YycBxUb49UUhdNMU5aJ7z5Ej2XGmaIBL0x34vZ82fn3hGvD+bgrMrVDpatgz2f7YxUMJxMkbWxJZeAvDxVe7Vw==
